
Microsoft Visual Studio Solution File, Format Version 12.00
# Visual Studio Version 17
VisualStudioVersion = 17.10.35013.160
MinimumVisualStudioVersion = 10.0.40219.1
Project("{9A19103F-16F7-4668-BE54-9A1E7A4F7556}") = "S201", "S201\S201.csproj", "{3DBA152B-45D2-4858-8D25-73D70E49212B}"
EndProject
Project("{FAE04EC0-301F-11D3-BF4B-00C04F79EFBC}") = "S201Tests", "S201Tests\S201Tests.csproj", "{F6955E68-56CD-46AA-BE6F-3645C3A2AD3C}"
EndProject
Global
	GlobalSection(SolutionConfigurationPlatforms) = preSolution
		Debug|Any CPU = Debug|Any CPU
		Release|Any CPU = Release|Any CPU
	EndGlobalSection
	GlobalSection(ProjectConfigurationPlatforms) = postSolution
		{3DBA152B-45D2-4858-8D25-73D70E49212B}.Debug|Any CPU.ActiveCfg = Debug|Any CPU
		{3DBA152B-45D2-4858-8D25-73D70E49212B}.Debug|Any CPU.Build.0 = Debug|Any CPU
		{3DBA152B-45D2-4858-8D25-73D70E49212B}.Release|Any CPU.ActiveCfg = Release|Any CPU
		{3DBA152B-45D2-4858-8D25-73D70E49212B}.Release|Any CPU.Build.0 = Release|Any CPU
		{F6955E68-56CD-46AA-BE6F-3645C3A2AD3C}.Debug|Any CPU.ActiveCfg = Debug|Any CPU
		{F6955E68-56CD-46AA-BE6F-3645C3A2AD3C}.Debug|Any CPU.Build.0 = Debug|Any CPU
		{F6955E68-56CD-46AA-BE6F-3645C3A2AD3C}.Release|Any CPU.ActiveCfg = Release|Any CPU
		{F6955E68-56CD-46AA-BE6F-3645C3A2AD3C}.Release|Any CPU.Build.0 = Release|Any CPU
	EndGlobalSection
	GlobalSection(SolutionProperties) = preSolution
		HideSolutionNode = FALSE
	EndGlobalSection
	GlobalSection(ExtensibilityGlobals) = postSolution
		SolutionGuid = {5ED42BC5-72CD-470D-922E-57A049CD68AD}
	EndGlobalSection
EndGlobal
